
Microsoft Visual Studio Solution File, Format Version 12.00
# Visual Studio Version 16
VisualStudioVersion = 16.0.29503.13
MinimumVisualStudioVersion = 10.0.40219.1
Project("{FAE04EC0-301F-11D3-BF4B-00C04F79EFBC}") = "KorisnickiInterfejs", "KorisnickiInterfejs\KorisnickiInterfejs.csproj", "{E7D461AA-5F3E-44DB-AECB-069EA5A160BF}"
EndProject
Project("{FAE04EC0-301F-11D3-BF4B-00C04F79EFBC}") = "Common", "Common\Common.csproj", "{719525C7-2A1F-4C4D-8EDE-7BE855A4A00B}"
EndProject
Project("{FAE04EC0-301F-11D3-BF4B-00C04F79EFBC}") = "Domain", "Domain\Domain.csproj", "{A3380266-C38F-48B9-B963-8B91468C34CC}"
EndProject
Project("{FAE04EC0-301F-11D3-BF4B-00C04F79EFBC}") = "SystemOperation", "SystemOperation\SystemOperation.csproj", "{9468DE77-E6F3-4ACC-9B64-F09D88E3CFE4}"
EndProject
Project("{FAE04EC0-301F-11D3-BF4B-00C04F79EFBC}") = "ApplicationLogic", "ApplicationLogic\ApplicationLogic.csproj", "{B27C537F-F616-4430-9241-9700271D1B87}"
EndProject
Project("{FAE04EC0-301F-11D3-BF4B-00C04F79EFBC}") = "Repository", "Repository\Repository.csproj", "{20CD0125-E1E3-44A7-A015-EC030563D609}"
EndProject
Project("{FAE04EC0-301F-11D3-BF4B-00C04F79EFBC}") = "DatabaseBroker", "DatabaseBroker\DatabaseBroker.csproj", "{9C0AE321-D73D-4077-8D4F-072A467AFB71}"
EndProject
Project("{FAE04EC0-301F-11D3-BF4B-00C04F79EFBC}") = "Server", "Server\Server.csproj", "{0EAF736F-92A4-4040-BF64-E0A7074D0A03}"
EndProject
Project("{FAE04EC0-301F-11D3-BF4B-00C04F79EFBC}") = "SQLDependency", "SQLDependency\SQLDependency.csproj", "{07727135-C4E7-4861-A50D-7E50D9F2B340}"
EndProject
Project("{FAE04EC0-301F-11D3-BF4B-00C04F79EFBC}") = "ObrerverPatern", "ObrerverPatern\ObrerverPatern.csproj", "{C8E38189-42F4-4DC6-B440-057800282647}"
EndProject
Global
	GlobalSection(SolutionConfigurationPlatforms) = preSolution
		Debug|Any CPU = Debug|Any CPU
		Release|Any CPU = Release|Any CPU
	EndGlobalSection
	GlobalSection(ProjectConfigurationPlatforms) = postSolution
		{E7D461AA-5F3E-44DB-AECB-069EA5A160BF}.Debug|Any CPU.ActiveCfg = Debug|Any CPU
		{E7D461AA-5F3E-44DB-AECB-069EA5A160BF}.Debug|Any CPU.Build.0 = Debug|Any CPU
		{E7D461AA-5F3E-44DB-AECB-069EA5A160BF}.Release|Any CPU.ActiveCfg = Release|Any CPU
		{E7D461AA-5F3E-44DB-AECB-069EA5A160BF}.Release|Any CPU.Build.0 = Release|Any CPU
		{719525C7-2A1F-4C4D-8EDE-7BE855A4A00B}.Debug|Any CPU.ActiveCfg = Debug|Any CPU
		{719525C7-2A1F-4C4D-8EDE-7BE855A4A00B}.Debug|Any CPU.Build.0 = Debug|Any CPU
		{719525C7-2A1F-4C4D-8EDE-7BE855A4A00B}.Release|Any CPU.ActiveCfg = Release|Any CPU
		{719525C7-2A1F-4C4D-8EDE-7BE855A4A00B}.Release|Any CPU.Build.0 = Release|Any CPU
		{A3380266-C38F-48B9-B963-8B91468C34CC}.Debug|Any CPU.ActiveCfg = Debug|Any CPU
		{A3380266-C38F-48B9-B963-8B91468C34CC}.Debug|Any CPU.Build.0 = Debug|Any CPU
		{A3380266-C38F-48B9-B963-8B91468C34CC}.Release|Any CPU.ActiveCfg = Release|Any CPU
		{A3380266-C38F-48B9-B963-8B91468C34CC}.Release|Any CPU.Build.0 = Release|Any CPU
		{9468DE77-E6F3-4ACC-9B64-F09D88E3CFE4}.Debug|Any CPU.ActiveCfg = Debug|Any CPU
		{9468DE77-E6F3-4ACC-9B64-F09D88E3CFE4}.Debug|Any CPU.Build.0 = Debug|Any CPU
		{9468DE77-E6F3-4ACC-9B64-F09D88E3CFE4}.Release|Any CPU.ActiveCfg = Release|Any CPU
		{9468DE77-E6F3-4ACC-9B64-F09D88E3CFE4}.Release|Any CPU.Build.0 = Release|Any CPU
		{B27C537F-F616-4430-9241-9700271D1B87}.Debug|Any CPU.ActiveCfg = Debug|Any CPU
		{B27C537F-F616-4430-9241-9700271D1B87}.Debug|Any CPU.Build.0 = Debug|Any CPU
		{B27C537F-F616-4430-9241-9700271D1B87}.Release|Any CPU.ActiveCfg = Release|Any CPU
		{B27C537F-F616-4430-9241-9700271D1B87}.Release|Any CPU.Build.0 = Release|Any CPU
		{20CD0125-E1E3-44A7-A015-EC030563D609}.Debug|Any CPU.ActiveCfg = Debug|Any CPU
		{20CD0125-E1E3-44A7-A015-EC030563D609}.Debug|Any CPU.Build.0 = Debug|Any CPU
		{20CD0125-E1E3-44A7-A015-EC030563D609}.Release|Any CPU.ActiveCfg = Release|Any CPU
		{20CD0125-E1E3-44A7-A015-EC030563D609}.Release|Any CPU.Build.0 = Release|Any CPU
		{9C0AE321-D73D-4077-8D4F-072A467AFB71}.Debug|Any CPU.ActiveCfg = Debug|Any CPU
		{9C0AE321-D73D-4077-8D4F-072A467AFB71}.Debug|Any CPU.Build.0 = Debug|Any CPU
		{9C0AE321-D73D-4077-8D4F-072A467AFB71}.Release|Any CPU.ActiveCfg = Release|Any CPU
		{9C0AE321-D73D-4077-8D4F-072A467AFB71}.Release|Any CPU.Build.0 = Release|Any CPU
		{0EAF736F-92A4-4040-BF64-E0A7074D0A03}.Debug|Any CPU.ActiveCfg = Debug|Any CPU
		{0EAF736F-92A4-4040-BF64-E0A7074D0A03}.Debug|Any CPU.Build.0 = Debug|Any CPU
		{0EAF736F-92A4-4040-BF64-E0A7074D0A03}.Release|Any CPU.ActiveCfg = Release|Any CPU
		{0EAF736F-92A4-4040-BF64-E0A7074D0A03}.Release|Any CPU.Build.0 = Release|Any CPU
		{07727135-C4E7-4861-A50D-7E50D9F2B340}.Debug|Any CPU.ActiveCfg = Debug|Any CPU
		{07727135-C4E7-4861-A50D-7E50D9F2B340}.Debug|Any CPU.Build.0 = Debug|Any CPU
		{07727135-C4E7-4861-A50D-7E50D9F2B340}.Release|Any CPU.ActiveCfg = Release|Any CPU
		{07727135-C4E7-4861-A50D-7E50D9F2B340}.Release|Any CPU.Build.0 = Release|Any CPU
		{C8E38189-42F4-4DC6-B440-057800282647}.Debug|Any CPU.ActiveCfg = Debug|Any CPU
		{C8E38189-42F4-4DC6-B440-057800282647}.Debug|Any CPU.Build.0 = Debug|Any CPU
		{C8E38189-42F4-4DC6-B440-057800282647}.Release|Any CPU.ActiveCfg = Release|Any CPU
		{C8E38189-42F4-4DC6-B440-057800282647}.Release|Any CPU.Build.0 = Release|Any CPU
	EndGlobalSection
	GlobalSection(SolutionProperties) = preSolution
		HideSolutionNode = FALSE
	EndGlobalSection
	GlobalSection(ExtensibilityGlobals) = postSolution
		SolutionGuid = {77D97572-82B5-46C3-930D-1B47A54756C2}
	EndGlobalSection
EndGlobal
